
Microsoft Visual Studio Solution File, Format Version 12.00
# Visual Studio Version 17
VisualStudioVersion = 17.11.35017.193
MinimumVisualStudioVersion = 10.0.40219.1
Project("{9A19103F-16F7-4668-BE54-9A1E7A4F7556}") = "REMS.BackendApi", "REMS.BackendApi\REMS.BackendApi.csproj", "{EB10FBE7-48AD-4FEA-939D-818918FC456A}"
EndProject
Project("{2150E333-8FDC-42A3-9474-1A3956D46DE8}") = "Backend", "Backend", "{C8E774DC-69FC-473E-A65A-188A4873A2D9}"
EndProject
Project("{2150E333-8FDC-42A3-9474-1A3956D46DE8}") = "App", "App", "{AC55E454-5402-4AFF-A582-C810A9983F70}"
EndProject
Project("{2150E333-8FDC-42A3-9474-1A3956D46DE8}") = "Modules", "Modules", "{F27DB284-2A01-4A5F-8CDF-8D2C48C4A22B}"
EndProject
Project("{2150E333-8FDC-42A3-9474-1A3956D46DE8}") = "Shared", "Shared", "{482ADF80-CB00-4660-A338-0234A05E9F33}"
EndProject
Project("{9A19103F-16F7-4668-BE54-9A1E7A4F7556}") = "REMS.App", "REMS.App\REMS.App.csproj", "{C3D4F937-B230-40E3-AA0F-9713AD6FA4DB}"
EndProject
Project("{9A19103F-16F7-4668-BE54-9A1E7A4F7556}") = "REMS.Modules", "REMS.Modules\REMS.Modules.csproj", "{F848104F-696C-4D88-98AF-BA9EF54B5ACD}"
EndProject
Project("{9A19103F-16F7-4668-BE54-9A1E7A4F7556}") = "REMS.Database", "REMS.Database\REMS.Database.csproj", "{55F47526-BE84-40FA-A143-D014FD1E623F}"
EndProject
Project("{9A19103F-16F7-4668-BE54-9A1E7A4F7556}") = "REMS.Mapper", "REMS.Mapper\REMS.Mapper.csproj", "{B3B8E1A6-4A31-4555-9C5D-E09A5F70BCE8}"
EndProject
Project("{9A19103F-16F7-4668-BE54-9A1E7A4F7556}") = "REMS.Models", "REMS.Models\REMS.Models.csproj", "{2218B973-DB43-4B64-81C3-44409D6A22A5}"
EndProject
Project("{9A19103F-16F7-4668-BE54-9A1E7A4F7556}") = "REMS.Shared", "REMS.Shared\REMS.Shared.csproj", "{EA32D21E-D173-49B7-8E8D-3868E1A953E7}"
EndProject
Project("{2150E333-8FDC-42A3-9474-1A3956D46DE8}") = "_Documents", "_Documents", "{5D8114B1-FFB1-4D66-95C1-CC7CA617CE96}"
	ProjectSection(SolutionItems) = preProject
		README.md = README.md
		REMS.sql = REMS.sql
		_Documents\REMS_Latest.sql = _Documents\REMS_Latest.sql
	EndProjectSection
EndProject
Global
	GlobalSection(SolutionConfigurationPlatforms) = preSolution
		Debug|Any CPU = Debug|Any CPU
		Release|Any CPU = Release|Any CPU
	EndGlobalSection
	GlobalSection(ProjectConfigurationPlatforms) = postSolution
		{EB10FBE7-48AD-4FEA-939D-818918FC456A}.Debug|Any CPU.ActiveCfg = Debug|Any CPU
		{EB10FBE7-48AD-4FEA-939D-818918FC456A}.Debug|Any CPU.Build.0 = Debug|Any CPU
		{EB10FBE7-48AD-4FEA-939D-818918FC456A}.Release|Any CPU.ActiveCfg = Release|Any CPU
		{EB10FBE7-48AD-4FEA-939D-818918FC456A}.Release|Any CPU.Build.0 = Release|Any CPU
		{C3D4F937-B230-40E3-AA0F-9713AD6FA4DB}.Debug|Any CPU.ActiveCfg = Debug|Any CPU
		{C3D4F937-B230-40E3-AA0F-9713AD6FA4DB}.Debug|Any CPU.Build.0 = Debug|Any CPU
		{C3D4F937-B230-40E3-AA0F-9713AD6FA4DB}.Release|Any CPU.ActiveCfg = Release|Any CPU
		{C3D4F937-B230-40E3-AA0F-9713AD6FA4DB}.Release|Any CPU.Build.0 = Release|Any CPU
		{F848104F-696C-4D88-98AF-BA9EF54B5ACD}.Debug|Any CPU.ActiveCfg = Debug|Any CPU
		{F848104F-696C-4D88-98AF-BA9EF54B5ACD}.Debug|Any CPU.Build.0 = Debug|Any CPU
		{F848104F-696C-4D88-98AF-BA9EF54B5ACD}.Release|Any CPU.ActiveCfg = Release|Any CPU
		{F848104F-696C-4D88-98AF-BA9EF54B5ACD}.Release|Any CPU.Build.0 = Release|Any CPU
		{55F47526-BE84-40FA-A143-D014FD1E623F}.Debug|Any CPU.ActiveCfg = Debug|Any CPU
		{55F47526-BE84-40FA-A143-D014FD1E623F}.Debug|Any CPU.Build.0 = Debug|Any CPU
		{55F47526-BE84-40FA-A143-D014FD1E623F}.Release|Any CPU.ActiveCfg = Release|Any CPU
		{55F47526-BE84-40FA-A143-D014FD1E623F}.Release|Any CPU.Build.0 = Release|Any CPU
		{B3B8E1A6-4A31-4555-9C5D-E09A5F70BCE8}.Debug|Any CPU.ActiveCfg = Debug|Any CPU
		{B3B8E1A6-4A31-4555-9C5D-E09A5F70BCE8}.Debug|Any CPU.Build.0 = Debug|Any CPU
		{B3B8E1A6-4A31-4555-9C5D-E09A5F70BCE8}.Release|Any CPU.ActiveCfg = Release|Any CPU
		{B3B8E1A6-4A31-4555-9C5D-E09A5F70BCE8}.Release|Any CPU.Build.0 = Release|Any CPU
		{2218B973-DB43-4B64-81C3-44409D6A22A5}.Debug|Any CPU.ActiveCfg = Debug|Any CPU
		{2218B973-DB43-4B64-81C3-44409D6A22A5}.Debug|Any CPU.Build.0 = Debug|Any CPU
		{2218B973-DB43-4B64-81C3-44409D6A22A5}.Release|Any CPU.ActiveCfg = Release|Any CPU
		{2218B973-DB43-4B64-81C3-44409D6A22A5}.Release|Any CPU.Build.0 = Release|Any CPU
		{EA32D21E-D173-49B7-8E8D-3868E1A953E7}.Debug|Any CPU.ActiveCfg = Debug|Any CPU
		{EA32D21E-D173-49B7-8E8D-3868E1A953E7}.Debug|Any CPU.Build.0 = Debug|Any CPU
		{EA32D21E-D173-49B7-8E8D-3868E1A953E7}.Release|Any CPU.ActiveCfg = Release|Any CPU
		{EA32D21E-D173-49B7-8E8D-3868E1A953E7}.Release|Any CPU.Build.0 = Release|Any CPU
	EndGlobalSection
	GlobalSection(SolutionProperties) = preSolution
		HideSolutionNode = FALSE
	EndGlobalSection
	GlobalSection(NestedProjects) = preSolution
		{EB10FBE7-48AD-4FEA-939D-818918FC456A} = {C8E774DC-69FC-473E-A65A-188A4873A2D9}
		{C3D4F937-B230-40E3-AA0F-9713AD6FA4DB} = {AC55E454-5402-4AFF-A582-C810A9983F70}
		{F848104F-696C-4D88-98AF-BA9EF54B5ACD} = {F27DB284-2A01-4A5F-8CDF-8D2C48C4A22B}
		{55F47526-BE84-40FA-A143-D014FD1E623F} = {482ADF80-CB00-4660-A338-0234A05E9F33}
		{B3B8E1A6-4A31-4555-9C5D-E09A5F70BCE8} = {482ADF80-CB00-4660-A338-0234A05E9F33}
		{2218B973-DB43-4B64-81C3-44409D6A22A5} = {482ADF80-CB00-4660-A338-0234A05E9F33}
		{EA32D21E-D173-49B7-8E8D-3868E1A953E7} = {482ADF80-CB00-4660-A338-0234A05E9F33}
	EndGlobalSection
	GlobalSection(ExtensibilityGlobals) = postSolution
		SolutionGuid = {1DB8EF93-24D3-46E2-B4E1-9FFCC1B8A83A}
	EndGlobalSection
EndGlobal
